
Microsoft Visual Studio Solution File, Format Version 12.00
# Visual Studio 14
VisualStudioVersion = 14.0.25420.1
MinimumVisualStudioVersion = 10.0.40219.1
Project("{2150E333-8FDC-42A3-9474-1A3956D46DE8}") = "01 - Presentation", "01 - Presentation", "{8934C45E-19FE-46B6-BB67-40AF3D7BF30C}"
EndProject
Project("{FAE04EC0-301F-11D3-BF4B-00C04F79EFBC}") = "EDCT1T.ProjetoIdentity.Presentation.WebApp", "src\EDCT1T.ProjetoIdentity.Presentation.WebApp\EDCT1T.ProjetoIdentity.Presentation.WebApp.csproj", "{3BACE72F-D557-4F0D-947A-7571B3F5E289}"
EndProject
Global
	GlobalSection(SolutionConfigurationPlatforms) = preSolution
		Debug|Any CPU = Debug|Any CPU
		Release|Any CPU = Release|Any CPU
	EndGlobalSection
	GlobalSection(ProjectConfigurationPlatforms) = postSolution
		{3BACE72F-D557-4F0D-947A-7571B3F5E289}.Debug|Any CPU.ActiveCfg = Debug|Any CPU
		{3BACE72F-D557-4F0D-947A-7571B3F5E289}.Debug|Any CPU.Build.0 = Debug|Any CPU
		{3BACE72F-D557-4F0D-947A-7571B3F5E289}.Release|Any CPU.ActiveCfg = Release|Any CPU
		{3BACE72F-D557-4F0D-947A-7571B3F5E289}.Release|Any CPU.Build.0 = Release|Any CPU
	EndGlobalSection
	GlobalSection(SolutionProperties) = preSolution
		HideSolutionNode = FALSE
	EndGlobalSection
	GlobalSection(NestedProjects) = preSolution
		{3BACE72F-D557-4F0D-947A-7571B3F5E289} = {8934C45E-19FE-46B6-BB67-40AF3D7BF30C}
	EndGlobalSection
EndGlobal
